# THIS IS AN AUTOGENERATED FILE. DO NOT EDIT THIS FILE DIRECTLY.
# yarn lockfile v1


"@playwright/test@^1.35.1":
  version "1.35.1"
  resolved "https://registry.npmjs.org/@playwright/test/-/test-1.35.1.tgz"
  integrity sha512-b5YoFe6J9exsMYg0pQAobNDR85T1nLumUYgUTtKm4d21iX2L7WqKq9dW8NGJ+2vX0etZd+Y7UeuqsxDXm9+5ZA==
  dependencies:
    "@types/node" "*"
    playwright-core "1.35.1"
  optionalDependencies:
    fsevents "2.3.2"

"@types/node@*", "@types/node@^20.3.3":
  version "20.3.3"
  resolved "https://registry.npmjs.org/@types/node/-/node-20.3.3.tgz"
  integrity sha512-wheIYdr4NYML61AjC8MKj/2jrR/kDQri/CIpVoZwldwhnIrD/j9jIU5bJ8yBKuB2VhpFV7Ab6G2XkBjv9r9Zzw==

playwright-core@1.35.1:
  version "1.35.1"
  resolved "https://registry.npmjs.org/playwright-core/-/playwright-core-1.35.1.tgz"
  integrity sha512-pNXb6CQ7OqmGDRspEjlxE49w+4YtR6a3X6mT1hZXeJHWmsEz7SunmvZeiG/+y1yyMZdHnnn73WKYdtV1er0Xyg==
